
Microsoft Visual Studio Solution File, Format Version 12.00
# Visual Studio 15
Project("{FAE04EC0-301F-11D3-BF4B-00C04F79EFBC}") = "Lab4", "Lab4\Lab4.csproj", "{2FC5786C-72D5-4786-ACF9-C9999B3CF273}"
EndProject
Global
	GlobalSection(SolutionConfigurationPlatforms) = preSolution
		Debug|anycpu = Debug|anycpu
		Release|anycpu = Release|anycpu
	EndGlobalSection
	GlobalSection(ProjectConfigurationPlatforms) = postSolution
		{2FC5786C-72D5-4786-ACF9-C9999B3CF273}.Debug|anycpu.ActiveCfg = Debug|anycpu
		{2FC5786C-72D5-4786-ACF9-C9999B3CF273}.Debug|anycpu.Build.0 = Debug|anycpu
		{2FC5786C-72D5-4786-ACF9-C9999B3CF273}.Release|anycpu.ActiveCfg = Release|anycpu
		{2FC5786C-72D5-4786-ACF9-C9999B3CF273}.Release|anycpu.Build.0 = Release|anycpu
	EndGlobalSection
EndGlobal
